
Microsoft Visual Studio Solution File, Format Version 12.00
# Visual Studio 2012
VisualStudioVersion = 12.0.21005.1
MinimumVisualStudioVersion = 10.0.40219.1
Project("{FAE04EC0-301F-11D3-BF4B-00C04F79EFBC}") = "App.Portable", "App.Portable\App.Portable.csproj", "{4E373148-EFA2-4363-8F72-8AD781F50D04}"
EndProject
Project("{FAE04EC0-301F-11D3-BF4B-00C04F79EFBC}") = "App.iOS", "App.iOS\App.iOS.csproj", "{D6804C98-A1BE-4ED8-BA3C-178A345DCBCE}"
EndProject
Project("{FAE04EC0-301F-11D3-BF4B-00C04F79EFBC}") = "App.Android", "App.Android\App.Android.csproj", "{6911059F-A3F5-487E-8880-62796E4870B9}"
EndProject
Global
	GlobalSection(SolutionConfigurationPlatforms) = preSolution
		Ad-Hoc|Any CPU = Ad-Hoc|Any CPU
		Ad-Hoc|iPhone = Ad-Hoc|iPhone
		Ad-Hoc|iPhoneSimulator = Ad-Hoc|iPhoneSimulator
		Ad-Hoc|Mixed Platforms = Ad-Hoc|Mixed Platforms
		AppStore|Any CPU = AppStore|Any CPU
		AppStore|iPhone = AppStore|iPhone
		AppStore|iPhoneSimulator = AppStore|iPhoneSimulator
		AppStore|Mixed Platforms = AppStore|Mixed Platforms
		Debug|Any CPU = Debug|Any CPU
		Debug|iPhone = Debug|iPhone
		Debug|iPhoneSimulator = Debug|iPhoneSimulator
		Debug|Mixed Platforms = Debug|Mixed Platforms
		Release|Any CPU = Release|Any CPU
		Release|iPhone = Release|iPhone
		Release|iPhoneSimulator = Release|iPhoneSimulator
		Release|Mixed Platforms = Release|Mixed Platforms
	EndGlobalSection
	GlobalSection(ProjectConfigurationPlatforms) = postSolution
		{4E373148-EFA2-4363-8F72-8AD781F50D04}.Ad-Hoc|Any CPU.ActiveCfg = Release|Any CPU
		{4E373148-EFA2-4363-8F72-8AD781F50D04}.Ad-Hoc|Any CPU.Build.0 = Release|Any CPU
		{4E373148-EFA2-4363-8F72-8AD781F50D04}.Ad-Hoc|iPhone.ActiveCfg = Release|Any CPU
		{4E373148-EFA2-4363-8F72-8AD781F50D04}.Ad-Hoc|iPhone.Build.0 = Release|Any CPU
		{4E373148-EFA2-4363-8F72-8AD781F50D04}.Ad-Hoc|iPhoneSimulator.ActiveCfg = Release|Any CPU
		{4E373148-EFA2-4363-8F72-8AD781F50D04}.Ad-Hoc|iPhoneSimulator.Build.0 = Release|Any CPU
		{4E373148-EFA2-4363-8F72-8AD781F50D04}.Ad-Hoc|Mixed Platforms.ActiveCfg = Release|Any CPU
		{4E373148-EFA2-4363-8F72-8AD781F50D04}.Ad-Hoc|Mixed Platforms.Build.0 = Release|Any CPU
		{4E373148-EFA2-4363-8F72-8AD781F50D04}.AppStore|Any CPU.ActiveCfg = Release|Any CPU
		{4E373148-EFA2-4363-8F72-8AD781F50D04}.AppStore|Any CPU.Build.0 = Release|Any CPU
		{4E373148-EFA2-4363-8F72-8AD781F50D04}.AppStore|iPhone.ActiveCfg = Release|Any CPU
		{4E373148-EFA2-4363-8F72-8AD781F50D04}.AppStore|iPhone.Build.0 = Release|Any CPU
		{4E373148-EFA2-4363-8F72-8AD781F50D04}.AppStore|iPhoneSimulator.ActiveCfg = Release|Any CPU
		{4E373148-EFA2-4363-8F72-8AD781F50D04}.AppStore|iPhoneSimulator.Build.0 = Release|Any CPU
		{4E373148-EFA2-4363-8F72-8AD781F50D04}.AppStore|Mixed Platforms.ActiveCfg = Release|Any CPU
		{4E373148-EFA2-4363-8F72-8AD781F50D04}.AppStore|Mixed Platforms.Build.0 = Release|Any CPU
		{4E373148-EFA2-4363-8F72-8AD781F50D04}.Debug|Any CPU.ActiveCfg = Debug|Any CPU
		{4E373148-EFA2-4363-8F72-8AD781F50D04}.Debug|Any CPU.Build.0 = Debug|Any CPU
		{4E373148-EFA2-4363-8F72-8AD781F50D04}.Debug|iPhone.ActiveCfg = Debug|Any CPU
		{4E373148-EFA2-4363-8F72-8AD781F50D04}.Debug|iPhone.Build.0 = Debug|Any CPU
		{4E373148-EFA2-4363-8F72-8AD781F50D04}.Debug|iPhoneSimulator.ActiveCfg = Debug|Any CPU
		{4E373148-EFA2-4363-8F72-8AD781F50D04}.Debug|iPhoneSimulator.Build.0 = Debug|Any CPU
		{4E373148-EFA2-4363-8F72-8AD781F50D04}.Debug|Mixed Platforms.ActiveCfg = Debug|Any CPU
		{4E373148-EFA2-4363-8F72-8AD781F50D04}.Debug|Mixed Platforms.Build.0 = Debug|Any CPU
		{4E373148-EFA2-4363-8F72-8AD781F50D04}.Release|Any CPU.ActiveCfg = Release|Any CPU
		{4E373148-EFA2-4363-8F72-8AD781F50D04}.Release|Any CPU.Build.0 = Release|Any CPU
		{4E373148-EFA2-4363-8F72-8AD781F50D04}.Release|iPhone.ActiveCfg = Release|Any CPU
		{4E373148-EFA2-4363-8F72-8AD781F50D04}.Release|iPhone.Build.0 = Release|Any CPU
		{4E373148-EFA2-4363-8F72-8AD781F50D04}.Release|iPhoneSimulator.ActiveCfg = Release|Any CPU
		{4E373148-EFA2-4363-8F72-8AD781F50D04}.Release|iPhoneSimulator.Build.0 = Release|Any CPU
		{4E373148-EFA2-4363-8F72-8AD781F50D04}.Release|Mixed Platforms.ActiveCfg = Release|Any CPU
		{4E373148-EFA2-4363-8F72-8AD781F50D04}.Release|Mixed Platforms.Build.0 = Release|Any CPU
		{6911059F-A3F5-487E-8880-62796E4870B9}.Ad-Hoc|Any CPU.ActiveCfg = Debug|Any CPU
		{6911059F-A3F5-487E-8880-62796E4870B9}.Ad-Hoc|Any CPU.Build.0 = Debug|Any CPU
		{6911059F-A3F5-487E-8880-62796E4870B9}.Ad-Hoc|iPhone.ActiveCfg = Debug|Any CPU
		{6911059F-A3F5-487E-8880-62796E4870B9}.Ad-Hoc|iPhone.Build.0 = Debug|Any CPU
		{6911059F-A3F5-487E-8880-62796E4870B9}.Ad-Hoc|iPhoneSimulator.ActiveCfg = Debug|Any CPU
		{6911059F-A3F5-487E-8880-62796E4870B9}.Ad-Hoc|iPhoneSimulator.Build.0 = Debug|Any CPU
		{6911059F-A3F5-487E-8880-62796E4870B9}.Ad-Hoc|Mixed Platforms.ActiveCfg = Debug|Any CPU
		{6911059F-A3F5-487E-8880-62796E4870B9}.Ad-Hoc|Mixed Platforms.Build.0 = Debug|Any CPU
		{6911059F-A3F5-487E-8880-62796E4870B9}.AppStore|Any CPU.ActiveCfg = Debug|Any CPU
		{6911059F-A3F5-487E-8880-62796E4870B9}.AppStore|Any CPU.Build.0 = Debug|Any CPU
		{6911059F-A3F5-487E-8880-62796E4870B9}.AppStore|iPhone.ActiveCfg = Debug|Any CPU
		{6911059F-A3F5-487E-8880-62796E4870B9}.AppStore|iPhone.Build.0 = Debug|Any CPU
		{6911059F-A3F5-487E-8880-62796E4870B9}.AppStore|iPhoneSimulator.ActiveCfg = Debug|Any CPU
		{6911059F-A3F5-487E-8880-62796E4870B9}.AppStore|iPhoneSimulator.Build.0 = Debug|Any CPU
		{6911059F-A3F5-487E-8880-62796E4870B9}.AppStore|Mixed Platforms.ActiveCfg = Debug|Any CPU
		{6911059F-A3F5-487E-8880-62796E4870B9}.AppStore|Mixed Platforms.Build.0 = Debug|Any CPU
		{6911059F-A3F5-487E-8880-62796E4870B9}.Debug|Any CPU.ActiveCfg = Debug|Any CPU
		{6911059F-A3F5-487E-8880-62796E4870B9}.Debug|Any CPU.Build.0 = Debug|Any CPU
		{6911059F-A3F5-487E-8880-62796E4870B9}.Debug|iPhone.ActiveCfg = Debug|Any CPU
		{6911059F-A3F5-487E-8880-62796E4870B9}.Debug|iPhone.Build.0 = Debug|Any CPU
		{6911059F-A3F5-487E-8880-62796E4870B9}.Debug|iPhoneSimulator.ActiveCfg = Debug|Any CPU
		{6911059F-A3F5-487E-8880-62796E4870B9}.Debug|iPhoneSimulator.Build.0 = Debug|Any CPU
		{6911059F-A3F5-487E-8880-62796E4870B9}.Debug|Mixed Platforms.ActiveCfg = Debug|Any CPU
		{6911059F-A3F5-487E-8880-62796E4870B9}.Debug|Mixed Platforms.Build.0 = Debug|Any CPU
		{6911059F-A3F5-487E-8880-62796E4870B9}.Release|Any CPU.ActiveCfg = Release|Any CPU
		{6911059F-A3F5-487E-8880-62796E4870B9}.Release|Any CPU.Build.0 = Release|Any CPU
		{6911059F-A3F5-487E-8880-62796E4870B9}.Release|iPhone.ActiveCfg = Release|Any CPU
		{6911059F-A3F5-487E-8880-62796E4870B9}.Release|iPhone.Build.0 = Release|Any CPU
		{6911059F-A3F5-487E-8880-62796E4870B9}.Release|iPhoneSimulator.ActiveCfg = Release|Any CPU
		{6911059F-A3F5-487E-8880-62796E4870B9}.Release|iPhoneSimulator.Build.0 = Release|Any CPU
		{6911059F-A3F5-487E-8880-62796E4870B9}.Release|Mixed Platforms.ActiveCfg = Release|Any CPU
		{6911059F-A3F5-487E-8880-62796E4870B9}.Release|Mixed Platforms.Build.0 = Release|Any CPU
		{D6804C98-A1BE-4ED8-BA3C-178A345DCBCE}.Ad-Hoc|Any CPU.ActiveCfg = Ad-Hoc|iPhone
		{D6804C98-A1BE-4ED8-BA3C-178A345DCBCE}.Ad-Hoc|Any CPU.Build.0 = Ad-Hoc|iPhone
		{D6804C98-A1BE-4ED8-BA3C-178A345DCBCE}.Ad-Hoc|iPhone.ActiveCfg = Ad-Hoc|iPhone
		{D6804C98-A1BE-4ED8-BA3C-178A345DCBCE}.Ad-Hoc|iPhone.Build.0 = Ad-Hoc|iPhone
		{D6804C98-A1BE-4ED8-BA3C-178A345DCBCE}.Ad-Hoc|iPhoneSimulator.ActiveCfg = Debug|iPhoneSimulator
		{D6804C98-A1BE-4ED8-BA3C-178A345DCBCE}.Ad-Hoc|iPhoneSimulator.Build.0 = Debug|iPhoneSimulator
		{D6804C98-A1BE-4ED8-BA3C-178A345DCBCE}.Ad-Hoc|Mixed Platforms.ActiveCfg = Ad-Hoc|iPhone
		{D6804C98-A1BE-4ED8-BA3C-178A345DCBCE}.Ad-Hoc|Mixed Platforms.Build.0 = Ad-Hoc|iPhone
		{D6804C98-A1BE-4ED8-BA3C-178A345DCBCE}.AppStore|Any CPU.ActiveCfg = AppStore|iPhone
		{D6804C98-A1BE-4ED8-BA3C-178A345DCBCE}.AppStore|Any CPU.Build.0 = AppStore|iPhone
		{D6804C98-A1BE-4ED8-BA3C-178A345DCBCE}.AppStore|iPhone.ActiveCfg = AppStore|iPhone
		{D6804C98-A1BE-4ED8-BA3C-178A345DCBCE}.AppStore|iPhone.Build.0 = AppStore|iPhone
		{D6804C98-A1BE-4ED8-BA3C-178A345DCBCE}.AppStore|iPhoneSimulator.ActiveCfg = Debug|iPhoneSimulator
		{D6804C98-A1BE-4ED8-BA3C-178A345DCBCE}.AppStore|iPhoneSimulator.Build.0 = Debug|iPhoneSimulator
		{D6804C98-A1BE-4ED8-BA3C-178A345DCBCE}.AppStore|Mixed Platforms.ActiveCfg = AppStore|iPhone
		{D6804C98-A1BE-4ED8-BA3C-178A345DCBCE}.AppStore|Mixed Platforms.Build.0 = AppStore|iPhone
		{D6804C98-A1BE-4ED8-BA3C-178A345DCBCE}.Debug|Any CPU.ActiveCfg = Debug|iPhoneSimulator
		{D6804C98-A1BE-4ED8-BA3C-178A345DCBCE}.Debug|Any CPU.Build.0 = Debug|iPhoneSimulator
		{D6804C98-A1BE-4ED8-BA3C-178A345DCBCE}.Debug|iPhone.ActiveCfg = Debug|iPhone
		{D6804C98-A1BE-4ED8-BA3C-178A345DCBCE}.Debug|iPhone.Build.0 = Debug|iPhone
		{D6804C98-A1BE-4ED8-BA3C-178A345DCBCE}.Debug|iPhoneSimulator.ActiveCfg = Debug|iPhoneSimulator
		{D6804C98-A1BE-4ED8-BA3C-178A345DCBCE}.Debug|iPhoneSimulator.Build.0 = Debug|iPhoneSimulator
		{D6804C98-A1BE-4ED8-BA3C-178A345DCBCE}.Debug|Mixed Platforms.ActiveCfg = Debug|iPhoneSimulator
		{D6804C98-A1BE-4ED8-BA3C-178A345DCBCE}.Debug|Mixed Platforms.Build.0 = Debug|iPhoneSimulator
		{D6804C98-A1BE-4ED8-BA3C-178A345DCBCE}.Release|Any CPU.ActiveCfg = Release|iPhoneSimulator
		{D6804C98-A1BE-4ED8-BA3C-178A345DCBCE}.Release|Any CPU.Build.0 = Release|iPhoneSimulator
		{D6804C98-A1BE-4ED8-BA3C-178A345DCBCE}.Release|iPhone.ActiveCfg = Release|iPhone
		{D6804C98-A1BE-4ED8-BA3C-178A345DCBCE}.Release|iPhone.Build.0 = Release|iPhone
		{D6804C98-A1BE-4ED8-BA3C-178A345DCBCE}.Release|iPhoneSimulator.ActiveCfg = Release|iPhoneSimulator
		{D6804C98-A1BE-4ED8-BA3C-178A345DCBCE}.Release|iPhoneSimulator.Build.0 = Release|iPhoneSimulator
		{D6804C98-A1BE-4ED8-BA3C-178A345DCBCE}.Release|Mixed Platforms.ActiveCfg = Release|iPhoneSimulator
		{D6804C98-A1BE-4ED8-BA3C-178A345DCBCE}.Release|Mixed Platforms.Build.0 = Release|iPhoneSimulator
	EndGlobalSection
	GlobalSection(SolutionProperties) = preSolution
		HideSolutionNode = FALSE
	EndGlobalSection
EndGlobal
